
Microsoft Visual Studio Solution File, Format Version 12.00
# Visual Studio Version 16
VisualStudioVersion = 16.0.29806.167
MinimumVisualStudioVersion = 10.0.40219.1
Project("{8BC9CEB8-8B4A-11D0-8D11-00A0C91BC942}") = "Proekt1_C", "Proekt1_C\Proekt1_C.vcxproj", "{5686D495-81F2-49E4-9927-45E5B7CA978A}"
EndProject
Global
	GlobalSection(SolutionConfigurationPlatforms) = preSolution
		Debug|x64 = Debug|x64
		Debug|x86 = Debug|x86
		Release|x64 = Release|x64
		Release|x86 = Release|x86
	EndGlobalSection
	GlobalSection(ProjectConfigurationPlatforms) = postSolution
		{5686D495-81F2-49E4-9927-45E5B7CA978A}.Debug|x64.ActiveCfg = Debug|x64
		{5686D495-81F2-49E4-9927-45E5B7CA978A}.Debug|x64.Build.0 = Debug|x64
		{5686D495-81F2-49E4-9927-45E5B7CA978A}.Debug|x86.ActiveCfg = Debug|Win32
		{5686D495-81F2-49E4-9927-45E5B7CA978A}.Debug|x86.Build.0 = Debug|Win32
		{5686D495-81F2-49E4-9927-45E5B7CA978A}.Release|x64.ActiveCfg = Release|x64
		{5686D495-81F2-49E4-9927-45E5B7CA978A}.Release|x64.Build.0 = Release|x64
		{5686D495-81F2-49E4-9927-45E5B7CA978A}.Release|x86.ActiveCfg = Release|Win32
		{5686D495-81F2-49E4-9927-45E5B7CA978A}.Release|x86.Build.0 = Release|Win32
	EndGlobalSection
	GlobalSection(SolutionProperties) = preSolution
		HideSolutionNode = FALSE
	EndGlobalSection
	GlobalSection(ExtensibilityGlobals) = postSolution
		SolutionGuid = {42050156-CCD8-4E76-B54C-D56E5009B74D}
	EndGlobalSection
EndGlobal
